// !$*UTF8*$!
{
	archiveVersion = 1;
	classes = {
	};
	objectVersion = 55;
	objects = {

/* Begin PBXBuildFile section */
		9590C5EE290E4AB40038A723 /* AppDelegate.swift in Sources */ = {isa = PBXBuildFile; fileRef = 9590C5ED290E4AB40038A723 /* AppDelegate.swift */; };
		9590C5F0290E4AB40038A723 /* SceneDelegate.swift in Sources */ = {isa = PBXBuildFile; fileRef = 9590C5EF290E4AB40038A723 /* SceneDelegate.swift */; };
		9590C5F2290E4AB40038A723 /* ViewController.swift in Sources */ = {isa = PBXBuildFile; fileRef = 9590C5F1290E4AB40038A723 /* ViewController.swift */; };
		9590C5F5290E4AB40038A723 /* Main.storyboard in Resources */ = {isa = PBXBuildFile; fileRef = 9590C5F3290E4AB40038A723 /* Main.storyboard */; };
		9590C5F7290E4AB70038A723 /* Assets.xcassets in Resources */ = {isa = PBXBuildFile; fileRef = 9590C5F6290E4AB70038A723 /* Assets.xcassets */; };
		9590C5FA290E4AB70038A723 /* LaunchScreen.storyboard in Resources */ = {isa = PBXBuildFile; fileRef = 9590C5F8290E4AB70038A723 /* LaunchScreen.storyboard */; };
		9590C605290E4AB70038A723 /* TestGitProjTests.swift in Sources */ = {isa = PBXBuildFile; fileRef = 9590C604290E4AB70038A723 /* TestGitProjTests.swift */; };
		9590C60F290E4AB70038A723 /* TestGitProjUITests.swift in Sources */ = {isa = PBXBuildFile; fileRef = 9590C60E290E4AB70038A723 /* TestGitProjUITests.swift */; };
		9590C611290E4AB70038A723 /* TestGitProjUITestsLaunchTests.swift in Sources */ = {isa = PBXBuildFile; fileRef = 9590C610290E4AB70038A723 /* TestGitProjUITestsLaunchTests.swift */; };
/* End PBXBuildFile section */

/* Begin PBXContainerItemProxy section */
		9590C601290E4AB70038A723 /* PBXContainerItemProxy */ = {
			isa = PBXContainerItemProxy;
			containerPortal = 9590C5E2290E4AB30038A723 /* Project object */;
			proxyType = 1;
			remoteGlobalIDString = 9590C5E9290E4AB30038A723;
			remoteInfo = TestGitProj;
		};
		9590C60B290E4AB70038A723 /* PBXContainerItemProxy */ = {
			isa = PBXContainerItemProxy;
			containerPortal = 9590C5E2290E4AB30038A723 /* Project object */;
			proxyType = 1;
			remoteGlobalIDString = 9590C5E9290E4AB30038A723;
			remoteInfo = TestGitProj;
		};
/* End PBXContainerItemProxy section */

/* Begin PBXFileReference section */
		9590C5EA290E4AB40038A723 /* TestGitProj.app */ = {isa = PBXFileReference; explicitFileType = wrapper.application; includeInIndex = 0; path = TestGitProj.app; sourceTree = BUILT_PRODUCTS_DIR; };
		9590C5ED290E4AB40038A723 /* AppDelegate.swift */ = {isa = PBXFileReference; lastKnownFileType = sourcecode.swift; path = AppDelegate.swift; sourceTree = "<group>"; };
		9590C5EF290E4AB40038A723 /* SceneDelegate.swift */ = {isa = PBXFileReference; lastKnownFileType = sourcecode.swift; path = SceneDelegate.swift; sourceTree = "<group>"; };
		9590C5F1290E4AB40038A723 /* ViewController.swift */ = {isa = PBXFileReference; lastKnownFileType = sourcecode.swift; path = ViewController.swift; sourceTree = "<group>"; };
		9590C5F4290E4AB40038A723 /* Base */ = {isa = PBXFileReference; lastKnownFileType = file.storyboard; name = Base; path = Base.lproj/Main.storyboard; sourceTree = "<group>"; };
		9590C5F6290E4AB70038A723 /* Assets.xcassets */ = {isa = PBXFileReference; lastKnownFileType = folder.assetcatalog; path = Assets.xcassets; sourceTree = "<group>"; };
		9590C5F9290E4AB70038A723 /* Base */ = {isa = PBXFileReference; lastKnownFileType = file.storyboard; name = Base; path = Base.lproj/LaunchScreen.storyboard; sourceTree = "<group>"; };
		9590C5FB290E4AB70038A723 /* Info.plist */ = {isa = PBXFileReference; lastKnownFileType = text.plist.xml; path = Info.plist; sourceTree = "<group>"; };
		9590C600290E4AB70038A723 /* TestGitProjTests.xctest */ = {isa = PBXFileReference; explicitFileType = wrapper.cfbundle; includeInIndex = 0; path = TestGitProjTests.xctest; sourceTree = BUILT_PRODUCTS_DIR; };
		9590C604290E4AB70038A723 /* TestGitProjTests.swift */ = {isa = PBXFileReference; lastKnownFileType = sourcecode.swift; path = TestGitProjTests.swift; sourceTree = "<group>"; };
		9590C60A290E4AB70038A723 /* TestGitProjUITests.xctest */ = {isa = PBXFileReference; explicitFileType = wrapper.cfbundle; includeInIndex = 0; path = TestGitProjUITests.xctest; sourceTree = BUILT_PRODUCTS_DIR; };
		9590C60E290E4AB70038A723 /* TestGitProjUITests.swift */ = {isa = PBXFileReference; lastKnownFileType = sourcecode.swift; path = TestGitProjUITests.swift; sourceTree = "<group>"; };
		9590C610290E4AB70038A723 /* TestGitProjUITestsLaunchTests.swift */ = {isa = PBXFileReference; lastKnownFileType = sourcecode.swift; path = TestGitProjUITestsLaunchTests.swift; sourceTree = "<group>"; };
/* End PBXFileReference section */

/* Begin PBXFrameworksBuildPhase section */
		9590C5E7290E4AB30038A723 /* Frameworks */ = {
			isa = PBXFrameworksBuildPhase;
			buildActionMask = 2147483647;
			files = (
			);
			runOnlyForDeploymentPostprocessing = 0;
		};
		9590C5FD290E4AB70038A723 /* Frameworks */ = {
			isa = PBXFrameworksBuildPhase;
			buildActionMask = 2147483647;
			files = (
			);
			runOnlyForDeploymentPostprocessing = 0;
		};
		9590C607290E4AB70038A723 /* Frameworks */ = {
			isa = PBXFrameworksBuildPhase;
			buildActionMask = 2147483647;
			files = (
			);
			runOnlyForDeploymentPostprocessing = 0;
		};
/* End PBXFrameworksBuildPhase section */

/* Begin PBXGroup section */
		9590C5E1290E4AB30038A723 = {
			isa = PBXGroup;
			children = (
				9590C5EC290E4AB40038A723 /* TestGitProj */,
				9590C603290E4AB70038A723 /* TestGitProjTests */,
				9590C60D290E4AB70038A723 /* TestGitProjUITests */,
				9590C5EB290E4AB40038A723 /* Products */,
			);
			sourceTree = "<group>";
		};
		9590C5EB290E4AB40038A723 /* Products */ = {
			isa = PBXGroup;
			children = (
				9590C5EA290E4AB40038A723 /* TestGitProj.app */,
				9590C600290E4AB70038A723 /* TestGitProjTests.xctest */,
				9590C60A290E4AB70038A723 /* TestGitProjUITests.xctest */,
			);
			name = Products;
			sourceTree = "<group>";
		};
		9590C5EC290E4AB40038A723 /* TestGitProj */ = {
			isa = PBXGroup;
			children = (
				9590C5ED290E4AB40038A723 /* AppDelegate.swift */,
				9590C5EF290E4AB40038A723 /* SceneDelegate.swift */,
				9590C61D290E4CC30038A723 /* Controller */,
				9590C5F3290E4AB40038A723 /* Main.storyboard */,
				9590C5F6290E4AB70038A723 /* Assets.xcassets */,
				9590C5F8290E4AB70038A723 /* LaunchScreen.storyboard */,
				9590C5FB290E4AB70038A723 /* Info.plist */,
			);
			path = TestGitProj;
			sourceTree = "<group>";
		};
		9590C603290E4AB70038A723 /* TestGitProjTests */ = {
			isa = PBXGroup;
			children = (
				9590C604290E4AB70038A723 /* TestGitProjTests.swift */,
			);
			path = TestGitProjTests;
			sourceTree = "<group>";
		};
		9590C60D290E4AB70038A723 /* TestGitProjUITests */ = {
			isa = PBXGroup;
			children = (
				9590C60E290E4AB70038A723 /* TestGitProjUITests.swift */,
				9590C610290E4AB70038A723 /* TestGitProjUITestsLaunchTests.swift */,
			);
			path = TestGitProjUITests;
			sourceTree = "<group>";
		};
		9590C61D290E4CC30038A723 /* Controller */ = {
			isa = PBXGroup;
			children = (
				9590C5F1290E4AB40038A723 /* ViewController.swift */,
			);
			path = Controller;
			sourceTree = "<group>";
		};
/* End PBXGroup section */

/* Begin PBXNativeTarget section */
		9590C5E9290E4AB30038A723 /* TestGitProj */ = {
			isa = PBXNativeTarget;
			buildConfigurationList = 9590C614290E4AB70038A723 /* Build configuration list for PBXNativeTarget "TestGitProj" */;
			buildPhases = (
				9590C5E6290E4AB30038A723 /* Sources */,
				9590C5E7290E4AB30038A723 /* Frameworks */,
				9590C5E8290E4AB30038A723 /* Resources */,
			);
			buildRules = (
			);
			dependencies = (
			);
			name = TestGitProj;
			productName = TestGitProj;
			productReference = 9590C5EA290E4AB40038A723 /* TestGitProj.app */;
			productType = "com.apple.product-type.application";
		};
		9590C5FF290E4AB70038A723 /* TestGitProjTests */ = {
			isa = PBXNativeTarget;
			buildConfigurationList = 9590C617290E4AB70038A723 /* Build configuration list for PBXNativeTarget "TestGitProjTests" */;
			buildPhases = (
				9590C5FC290E4AB70038A723 /* Sources */,
				9590C5FD290E4AB70038A723 /* Frameworks */,
				9590C5FE290E4AB70038A723 /* Resources */,
			);
			buildRules = (
			);
			dependencies = (
				9590C602290E4AB70038A723 /* PBXTargetDependency */,
			);
			name = TestGitProjTests;
			productName = TestGitProjTests;
			productReference = 9590C600290E4AB70038A723 /* TestGitProjTests.xctest */;
			productType = "com.apple.product-type.bundle.unit-test";
		};
		9590C609290E4AB70038A723 /* TestGitProjUITests */ = {
			isa = PBXNativeTarget;
			buildConfigurationList = 9590C61A290E4AB70038A723 /* Build configuration list for PBXNativeTarget "TestGitProjUITests" */;
			buildPhases = (
				9590C606290E4AB70038A723 /* Sources */,
				9590C607290E4AB70038A723 /* Frameworks */,
				9590C608290E4AB70038A723 /* Resources */,
			);
			buildRules = (
			);
			dependencies = (
				9590C60C290E4AB70038A723 /* PBXTargetDependency */,
			);
			name = TestGitProjUITests;
			productName = TestGitProjUITests;
			productReference = 9590C60A290E4AB70038A723 /* TestGitProjUITests.xctest */;
			productType = "com.apple.product-type.bundle.ui-testing";
		};
/* End PBXNativeTarget section */

/* Begin PBXProject section */
		9590C5E2290E4AB30038A723 /* Project object */ = {
			isa = PBXProject;
			attributes = {
				BuildIndependentTargetsInParallel = 1;
				LastSwiftUpdateCheck = 1330;
				LastUpgradeCheck = 1330;
				TargetAttributes = {
					9590C5E9290E4AB30038A723 = {
						CreatedOnToolsVersion = 13.3;
					};
					9590C5FF290E4AB70038A723 = {
						CreatedOnToolsVersion = 13.3;
						TestTargetID = 9590C5E9290E4AB30038A723;
					};
					9590C609290E4AB70038A723 = {
						CreatedOnToolsVersion = 13.3;
						TestTargetID = 9590C5E9290E4AB30038A723;
					};
				};
			};
			buildConfigurationList = 9590C5E5290E4AB30038A723 /* Build configuration list for PBXProject "TestGitProj" */;
			compatibilityVersion = "Xcode 13.0";
			developmentRegion = en;
			hasScannedForEncodings = 0;
			knownRegions = (
				en,
				Base,
			);
			mainGroup = 9590C5E1290E4AB30038A723;
			productRefGroup = 9590C5EB290E4AB40038A723 /* Products */;
			projectDirPath = "";
			projectRoot = "";
			targets = (
				9590C5E9290E4AB30038A723 /* TestGitProj */,
				9590C5FF290E4AB70038A723 /* TestGitProjTests */,
				9590C609290E4AB70038A723 /* TestGitProjUITests */,
			);
		};
/* End PBXProject section */

/* Begin PBXResourcesBuildPhase section */
		9590C5E8290E4AB30038A723 /* Resources */ = {
			isa = PBXResourcesBuildPhase;
			buildActionMask = 2147483647;
			files = (
				9590C5FA290E4AB70038A723 /* LaunchScreen.storyboard in Resources */,
				9590C5F7290E4AB70038A723 /* Assets.xcassets in Resources */,
				9590C5F5290E4AB40038A723 /* Main.storyboard in Resources */,
			);
			runOnlyForDeploymentPostprocessing = 0;
		};
		9590C5FE290E4AB70038A723 /* Resources */ = {
			isa = PBXResourcesBuildPhase;
			buildActionMask = 2147483647;
			files = (
			);
			runOnlyForDeploymentPostprocessing = 0;
		};
		9590C608290E4AB70038A723 /* Resources */ = {
			isa = PBXResourcesBuildPhase;
			buildActionMask = 2147483647;
			files = (
			);
			runOnlyForDeploymentPostprocessing = 0;
		};
/* End PBXResourcesBuildPhase section */

/* Begin PBXSourcesBuildPhase section */
		9590C5E6290E4AB30038A723 /* Sources */ = {
			isa = PBXSourcesBuildPhase;
			buildActionMask = 2147483647;
			files = (
				9590C5F2290E4AB40038A723 /* ViewController.swift in Sources */,
				9590C5EE290E4AB40038A723 /* AppDelegate.swift in Sources */,
				9590C5F0290E4AB40038A723 /* SceneDelegate.swift in Sources */,
			);
			runOnlyForDeploymentPostprocessing = 0;
		};
		9590C5FC290E4AB70038A723 /* Sources */ = {
			isa = PBXSourcesBuildPhase;
			buildActionMask = 2147483647;
			files = (
				9590C605290E4AB70038A723 /* TestGitProjTests.swift in Sources */,
			);
			runOnlyForDeploymentPostprocessing = 0;
		};
		9590C606290E4AB70038A723 /* Sources */ = {
			isa = PBXSourcesBuildPhase;
			buildActionMask = 2147483647;
			files = (
				9590C611290E4AB70038A723 /* TestGitProjUITestsLaunchTests.swift in Sources */,
				9590C60F290E4AB70038A723 /* TestGitProjUITests.swift in Sources */,
			);
			runOnlyForDeploymentPostprocessing = 0;
		};
/* End PBXSourcesBuildPhase section */

/* Begin PBXTargetDependency section */
		9590C602290E4AB70038A723 /* PBXTargetDependency */ = {
			isa = PBXTargetDependency;
			target = 9590C5E9290E4AB30038A723 /* TestGitProj */;
			targetProxy = 9590C601290E4AB70038A723 /* PBXContainerItemProxy */;
		};
		9590C60C290E4AB70038A723 /* PBXTargetDependency */ = {
			isa = PBXTargetDependency;
			target = 9590C5E9290E4AB30038A723 /* TestGitProj */;
			targetProxy = 9590C60B290E4AB70038A723 /* PBXContainerItemProxy */;
		};
/* End PBXTargetDependency section */

/* Begin PBXVariantGroup section */
		9590C5F3290E4AB40038A723 /* Main.storyboard */ = {
			isa = PBXVariantGroup;
			children = (
				9590C5F4290E4AB40038A723 /* Base */,
			);
			name = Main.storyboard;
			sourceTree = "<group>";
		};
		9590C5F8290E4AB70038A723 /* LaunchScreen.storyboard */ = {
			isa = PBXVariantGroup;
			children = (
				9590C5F9290E4AB70038A723 /* Base */,
			);
			name = LaunchScreen.storyboard;
			sourceTree = "<group>";
		};
/* End PBXVariantGroup section */

/* Begin XCBuildConfiguration section */
		9590C612290E4AB70038A723 /* Debug */ = {
			isa = XCBuildConfiguration;
			buildSettings = {
				ALWAYS_SEARCH_USER_PATHS = NO;
				CLANG_ANALYZER_NONNULL = YES;
				CLANG_ANALYZER_NUMBER_OBJECT_CONVERSION = YES_AGGRESSIVE;
				CLANG_CXX_LANGUAGE_STANDARD = "gnu++17";
				CLANG_ENABLE_MODULES = YES;
				CLANG_ENABLE_OBJC_ARC = YES;
				CLANG_ENABLE_OBJC_WEAK = YES;
				CLANG_WARN_BLOCK_CAPTURE_AUTORELEASING = YES;
				CLANG_WARN_BOOL_CONVERSION = YES;
				CLANG_WARN_COMMA = YES;
				CLANG_WARN_CONSTANT_CONVERSION = YES;
				CLANG_WARN_DEPRECATED_OBJC_IMPLEMENTATIONS = YES;
				CLANG_WARN_DIRECT_OBJC_ISA_USAGE = YES_ERROR;
				CLANG_WARN_DOCUMENTATION_COMMENTS = YES;
				CLANG_WARN_EMPTY_BODY = YES;
				CLANG_WARN_ENUM_CONVERSION = YES;
				CLANG_WARN_INFINITE_RECURSION = YES;
				CLANG_WARN_INT_CONVERSION = YES;
				CLANG_WARN_NON_LITERAL_NULL_CONVERSION = YES;
				CLANG_WARN_OBJC_IMPLICIT_RETAIN_SELF = YES;
				CLANG_WARN_OBJC_LITERAL_CONVERSION = YES;
				CLANG_WARN_OBJC_ROOT_CLASS = YES_ERROR;
				CLANG_WARN_QUOTED_INCLUDE_IN_FRAMEWORK_HEADER = YES;
				CLANG_WARN_RANGE_LOOP_ANALYSIS = YES;
				CLANG_WARN_STRICT_PROTOTYPES = YES;
				CLANG_WARN_SUSPICIOUS_MOVE = YES;
				CLANG_WARN_UNGUARDED_AVAILABILITY = YES_AGGRESSIVE;
				CLANG_WARN_UNREACHABLE_CODE = YES;
				CLANG_WARN__DUPLICATE_METHOD_MATCH = YES;
				COPY_PHASE_STRIP = NO;
				DEBUG_INFORMATION_FORMAT = dwarf;
				ENABLE_STRICT_OBJC_MSGSEND = YES;
				ENABLE_TESTABILITY = YES;
				GCC_C_LANGUAGE_STANDARD = gnu11;
				GCC_DYNAMIC_NO_PIC = NO;
				GCC_NO_COMMON_BLOCKS = YES;
				GCC_OPTIMIZATION_LEVEL = 0;
				GCC_PREPROCESSOR_DEFINITIONS = (
					"DEBUG=1",
					"$(inherited)",
				);
				GCC_WARN_64_TO_32_BIT_CONVERSION = YES;
				GCC_WARN_ABOUT_RETURN_TYPE = YES_ERROR;
				GCC_WARN_UNDECLARED_SELECTOR = YES;
				GCC_WARN_UNINITIALIZED_AUTOS = YES_AGGRESSIVE;
				GCC_WARN_UNUSED_FUNCTION = YES;
				GCC_WARN_UNUSED_VARIABLE = YES;
				IPHONEOS_DEPLOYMENT_TARGET = 15.4;
				MTL_ENABLE_DEBUG_INFO = INCLUDE_SOURCE;
				MTL_FAST_MATH = YES;
				ONLY_ACTIVE_ARCH = YES;
				SDKROOT = iphoneos;
				SWIFT_ACTIVE_COMPILATION_CONDITIONS = DEBUG;
				SWIFT_OPTIMIZATION_LEVEL = "-Onone";
			};
			name = Debug;
		};
		9590C613290E4AB70038A723 /* Release */ = {
			isa = XCBuildConfiguration;
			buildSettings = {
				ALWAYS_SEARCH_USER_PATHS = NO;
				CLANG_ANALYZER_NONNULL = YES;
				CLANG_ANALYZER_NUMBER_OBJECT_CONVERSION = YES_AGGRESSIVE;
				CLANG_CXX_LANGUAGE_STANDARD = "gnu++17";
				CLANG_ENABLE_MODULES = YES;
				CLANG_ENABLE_OBJC_ARC = YES;
				CLANG_ENABLE_OBJC_WEAK = YES;
				CLANG_WARN_BLOCK_CAPTURE_AUTORELEASING = YES;
				CLANG_WARN_BOOL_CONVERSION = YES;
				CLANG_WARN_COMMA = YES;
				CLANG_WARN_CONSTANT_CONVERSION = YES;
				CLANG_WARN_DEPRECATED_OBJC_IMPLEMENTATIONS = YES;
				CLANG_WARN_DIRECT_OBJC_ISA_USAGE = YES_ERROR;
				CLANG_WARN_DOCUMENTATION_COMMENTS = YES;
				CLANG_WARN_EMPTY_BODY = YES;
				CLANG_WARN_ENUM_CONVERSION = YES;
				CLANG_WARN_INFINITE_RECURSION = YES;
				CLANG_WARN_INT_CONVERSION = YES;
				CLANG_WARN_NON_LITERAL_NULL_CONVERSION = YES;
				CLANG_WARN_OBJC_IMPLICIT_RETAIN_SELF = YES;
				CLANG_WARN_OBJC_LITERAL_CONVERSION = YES;
				CLANG_WARN_OBJC_ROOT_CLASS = YES_ERROR;
				CLANG_WARN_QUOTED_INCLUDE_IN_FRAMEWORK_HEADER = YES;
				CLANG_WARN_RANGE_LOOP_ANALYSIS = YES;
				CLANG_WARN_STRICT_PROTOTYPES = YES;
				CLANG_WARN_SUSPICIOUS_MOVE = YES;
				CLANG_WARN_UNGUARDED_AVAILABILITY = YES_AGGRESSIVE;
				CLANG_WARN_UNREACHABLE_CODE = YES;
				CLANG_WARN__DUPLICATE_METHOD_MATCH = YES;
				COPY_PHASE_STRIP = NO;
				DEBUG_INFORMATION_FORMAT = "dwarf-with-dsym";
				ENABLE_NS_ASSERTIONS = NO;
				ENABLE_STRICT_OBJC_MSGSEND = YES;
				GCC_C_LANGUAGE_STANDARD = gnu11;
				GCC_NO_COMMON_BLOCKS = YES;
				GCC_WARN_64_TO_32_BIT_CONVERSION = YES;
				GCC_WARN_ABOUT_RETURN_TYPE = YES_ERROR;
				GCC_WARN_UNDECLARED_SELECTOR = YES;
				GCC_WARN_UNINITIALIZED_AUTOS = YES_AGGRESSIVE;
				GCC_WARN_UNUSED_FUNCTION = YES;
				GCC_WARN_UNUSED_VARIABLE = YES;
				IPHONEOS_DEPLOYMENT_TARGET = 15.4;
				MTL_ENABLE_DEBUG_INFO = NO;
				MTL_FAST_MATH = YES;
				SDKROOT = iphoneos;
				SWIFT_COMPILATION_MODE = wholemodule;
				SWIFT_OPTIMIZATION_LEVEL = "-O";
				VALIDATE_PRODUCT = YES;
			};
			name = Release;
		};
		9590C615290E4AB70038A723 /* Debug */ = {
			isa = XCBuildConfiguration;
			buildSettings = {
				ASSETCATALOG_COMPILER_APPICON_NAME = AppIcon;
				ASSETCATALOG_COMPILER_GLOBAL_ACCENT_COLOR_NAME = AccentColor;
				CODE_SIGN_STYLE = Automatic;
				CURRENT_PROJECT_VERSION = 1;
				DEVELOPMENT_TEAM = 4ZHA75946U;
				GENERATE_INFOPLIST_FILE = YES;
				INFOPLIST_FILE = TestGitProj/Info.plist;
				INFOPLIST_KEY_UIApplicationSupportsIndirectInputEvents = YES;
				INFOPLIST_KEY_UILaunchStoryboardName = LaunchScreen;
				INFOPLIST_KEY_UIMainStoryboardFile = Main;
				INFOPLIST_KEY_UISupportedInterfaceOrientations_iPad = "UIInterfaceOrientationPortrait UIInterfaceOrientationPortraitUpsideDown UIInterfaceOrientationLandscapeLeft UIInterfaceOrientationLandscapeRight";
				INFOPLIST_KEY_UISupportedInterfaceOrientations_iPhone = "UIInterfaceOrientationPortrait UIInterfaceOrientationLandscapeLeft UIInterfaceOrientationLandscapeRight";
				LD_RUNPATH_SEARCH_PATHS = (
					"$(inherited)",
					"@executable_path/Frameworks",
				);
				MARKETING_VERSION = 1.0;
				PRODUCT_BUNDLE_IDENTIFIER = "ru.glebaallok.-TestGitProj.TestGitProj";
				PRODUCT_NAME = "$(TARGET_NAME)";
				SWIFT_EMIT_LOC_STRINGS = YES;
				SWIFT_VERSION = 5.0;
				TARGETED_DEVICE_FAMILY = "1,2";
			};
			name = Debug;
		};
		9590C616290E4AB70038A723 /* Release */ = {
			isa = XCBuildConfiguration;
			buildSettings = {
				ASSETCATALOG_COMPILER_APPICON_NAME = AppIcon;
				ASSETCATALOG_COMPILER_GLOBAL_ACCENT_COLOR_NAME = AccentColor;
				CODE_SIGN_STYLE = Automatic;
				CURRENT_PROJECT_VERSION = 1;
				DEVELOPMENT_TEAM = 4ZHA75946U;
				GENERATE_INFOPLIST_FILE = YES;
				INFOPLIST_FILE = TestGitProj/Info.plist;
				INFOPLIST_KEY_UIApplicationSupportsIndirectInputEvents = YES;
				INFOPLIST_KEY_UILaunchStoryboardName = LaunchScreen;
				INFOPLIST_KEY_UIMainStoryboardFile = Main;
				INFOPLIST_KEY_UISupportedInterfaceOrientations_iPad = "UIInterfaceOrientationPortrait UIInterfaceOrientationPortraitUpsideDown UIInterfaceOrientationLandscapeLeft UIInterfaceOrientationLandscapeRight";
				INFOPLIST_KEY_UISupportedInterfaceOrientations_iPhone = "UIInterfaceOrientationPortrait UIInterfaceOrientationLandscapeLeft UIInterfaceOrientationLandscapeRight";
				LD_RUNPATH_SEARCH_PATHS = (
					"$(inherited)",
					"@executable_path/Frameworks",
				);
				MARKETING_VERSION = 1.0;
				PRODUCT_BUNDLE_IDENTIFIER = "ru.glebaallok.-TestGitProj.TestGitProj";
				PRODUCT_NAME = "$(TARGET_NAME)";
				SWIFT_EMIT_LOC_STRINGS = YES;
				SWIFT_VERSION = 5.0;
				TARGETED_DEVICE_FAMILY = "1,2";
			};
			name = Release;
		};
		9590C618290E4AB70038A723 /* Debug */ = {
			isa = XCBuildConfiguration;
			buildSettings = {
				ALWAYS_EMBED_SWIFT_STANDARD_LIBRARIES = YES;
				BUNDLE_LOADER = "$(TEST_HOST)";
				CODE_SIGN_STYLE = Automatic;
				CURRENT_PROJECT_VERSION = 1;
				DEVELOPMENT_TEAM = 4ZHA75946U;
				GENERATE_INFOPLIST_FILE = YES;
				IPHONEOS_DEPLOYMENT_TARGET = 15.4;
				MARKETING_VERSION = 1.0;
				PRODUCT_BUNDLE_IDENTIFIER = "ru.glebaallok.-TestGitProj.TestGitProjTests";
				PRODUCT_NAME = "$(TARGET_NAME)";
				SWIFT_EMIT_LOC_STRINGS = NO;
				SWIFT_VERSION = 5.0;
				TARGETED_DEVICE_FAMILY = "1,2";
				TEST_HOST = "$(BUILT_PRODUCTS_DIR)/TestGitProj.app/TestGitProj";
			};
			name = Debug;
		};
		9590C619290E4AB70038A723 /* Release */ = {
			isa = XCBuildConfiguration;
			buildSettings = {
				ALWAYS_EMBED_SWIFT_STANDARD_LIBRARIES = YES;
				BUNDLE_LOADER = "$(TEST_HOST)";
				CODE_SIGN_STYLE = Automatic;
				CURRENT_PROJECT_VERSION = 1;
				DEVELOPMENT_TEAM = 4ZHA75946U;
				GENERATE_INFOPLIST_FILE = YES;
				IPHONEOS_DEPLOYMENT_TARGET = 15.4;
				MARKETING_VERSION = 1.0;
				PRODUCT_BUNDLE_IDENTIFIER = "ru.glebaallok.-TestGitProj.TestGitProjTests";
				PRODUCT_NAME = "$(TARGET_NAME)";
				SWIFT_EMIT_LOC_STRINGS = NO;
				SWIFT_VERSION = 5.0;
				TARGETED_DEVICE_FAMILY = "1,2";
				TEST_HOST = "$(BUILT_PRODUCTS_DIR)/TestGitProj.app/TestGitProj";
			};
			name = Release;
		};
		9590C61B290E4AB70038A723 /* Debug */ = {
			isa = XCBuildConfiguration;
			buildSettings = {
				ALWAYS_EMBED_SWIFT_STANDARD_LIBRARIES = YES;
				CODE_SIGN_STYLE = Automatic;
				CURRENT_PROJECT_VERSION = 1;
				DEVELOPMENT_TEAM = 4ZHA75946U;
				GENERATE_INFOPLIST_FILE = YES;
				MARKETING_VERSION = 1.0;
				PRODUCT_BUNDLE_IDENTIFIER = "ru.glebaallok.-TestGitProj.TestGitProjUITests";
				PRODUCT_NAME = "$(TARGET_NAME)";
				SWIFT_EMIT_LOC_STRINGS = NO;
				SWIFT_VERSION = 5.0;
				TARGETED_DEVICE_FAMILY = "1,2";
				TEST_TARGET_NAME = TestGitProj;
			};
			name = Debug;
		};
		9590C61C290E4AB70038A723 /* Release */ = {
			isa = XCBuildConfiguration;
			buildSettings = {
				ALWAYS_EMBED_SWIFT_STANDARD_LIBRARIES = YES;
				CODE_SIGN_STYLE = Automatic;
				CURRENT_PROJECT_VERSION = 1;
				DEVELOPMENT_TEAM = 4ZHA75946U;
				GENERATE_INFOPLIST_FILE = YES;
				MARKETING_VERSION = 1.0;
				PRODUCT_BUNDLE_IDENTIFIER = "ru.glebaallok.-TestGitProj.TestGitProjUITests";
				PRODUCT_NAME = "$(TARGET_NAME)";
				SWIFT_EMIT_LOC_STRINGS = NO;
				SWIFT_VERSION = 5.0;
				TARGETED_DEVICE_FAMILY = "1,2";
				TEST_TARGET_NAME = TestGitProj;
			};
			name = Release;
		};
/* End XCBuildConfiguration section */

/* Begin XCConfigurationList section */
		9590C5E5290E4AB30038A723 /* Build configuration list for PBXProject "TestGitProj" */ = {
			isa = XCConfigurationList;
			buildConfigurations = (
				9590C612290E4AB70038A723 /* Debug */,
				9590C613290E4AB70038A723 /* Release */,
			);
			defaultConfigurationIsVisible = 0;
			defaultConfigurationName = Release;
		};
		9590C614290E4AB70038A723 /* Build configuration list for PBXNativeTarget "TestGitProj" */ = {
			isa = XCConfigurationList;
			buildConfigurations = (
				9590C615290E4AB70038A723 /* Debug */,
				9590C616290E4AB70038A723 /* Release */,
			);
			defaultConfigurationIsVisible = 0;
			defaultConfigurationName = Release;
		};
		9590C617290E4AB70038A723 /* Build configuration list for PBXNativeTarget "TestGitProjTests" */ = {
			isa = XCConfigurationList;
			buildConfigurations = (
				9590C618290E4AB70038A723 /* Debug */,
				9590C619290E4AB70038A723 /* Release */,
			);
			defaultConfigurationIsVisible = 0;
			defaultConfigurationName = Release;
		};
		9590C61A290E4AB70038A723 /* Build configuration list for PBXNativeTarget "TestGitProjUITests" */ = {
			isa = XCConfigurationList;
			buildConfigurations = (
				9590C61B290E4AB70038A723 /* Debug */,
				9590C61C290E4AB70038A723 /* Release */,
			);
			defaultConfigurationIsVisible = 0;
			defaultConfigurationName = Release;
		};
/* End XCConfigurationList section */
	};
	rootObject = 9590C5E2290E4AB30038A723 /* Project object */;
}
